<?xml version="1.0" encoding="utf-8"?>
<Project ToolsVersion="4.0" xmlns="http://schemas.microsoft.com/developer/msbuild/2003">
  <ItemGroup>
    <Filter Include="Source Files">
      <UniqueIdentifier>{4FC737F1-C7A5-4376-A066-2A32D752A2FF}</UniqueIdentifier>
      <Extensions>cpp;c;cc;cxx;c++;cppm;ixx;def;odl;idl;hpj;bat;asm;asmx</Extensions>
    </Filter>
    <Filter Include="Header Files">
      <UniqueIdentifier>{93995380-89BD-4b04-88EB-625FBE52EBFB}</UniqueIdentifier>
      <Extensions>h;hh;hpp;hxx;h++;hm;inl;inc;ipp;xsd</Extensions>
    </Filter>
    <Filter Include="Source Files\Scenes">
      <UniqueIdentifier>{f3ce0be0-e3d8-44fe-8cde-d11f9ac27daf}</UniqueIdentifier>
    </Filter>
    <Filter Include="Source Files\Tools">
      <UniqueIdentifier>{30eeec23-0385-44d9-bc15-2186f77b9de9}</UniqueIdentifier>
    </Filter>
    <Filter Include="Header Files\Scenes">
      <UniqueIdentifier>{81ec1576-7227-40ba-8273-ff0350b27bf4}</UniqueIdentifier>
    </Filter>
    <Filter Include="Header Files\Resource Files">
      <UniqueIdentifier>{67DA6AB6-F800-4c08-8B7A-83BB121AAD01}</UniqueIdentifier>
      <Extensions>rc;ico;cur;bmp;dlg;rc2;rct;bin;rgs;gif;jpg;jpeg;jpe;resx;tiff;tif;png;wav;mfcribbon-ms</Extensions>
    </Filter>
    <Filter Include="Header Files\Game Data">
      <UniqueIdentifier>{ee669cb1-9814-47db-83a5-39993980ca46}</UniqueIdentifier>
    </Filter>
    <Filter Include="Header Files\Tools">
      <UniqueIdentifier>{e73da898-40b0-4bb2-8911-f5faa74dae94}</UniqueIdentifier>
    </Filter>
    <Filter Include="Source Files\Game Data">
      <UniqueIdentifier>{bf2457e9-66d3-4223-9691-a788e7e56d8e}</UniqueIdentifier>
    </Filter>
  </ItemGroup>
  <ItemGroup>
    <ClCompile Include="FunnyChef.c">
      <Filter>Source Files</Filter>
    </ClCompile>
    <ClCompile Include="MainMenu.c">
      <Filter>Source Files\Scenes</Filter>
    </ClCompile>
    <ClCompile Include="LevelMenu.c">
      <Filter>Source Files\Scenes</Filter>
    </ClCompile>
    <ClCompile Include="Settings.c">
      <Filter>Source Files\Scenes</Filter>
    </ClCompile>
    <ClCompile Include="Guide.c">
      <Filter>Source Files\Scenes</Filter>
    </ClCompile>
    <ClCompile Include="Gameplay.c">
      <Filter>Source Files\Scenes</Filter>
    </ClCompile>
    <ClCompile Include="CustomFunctions.c">
      <Filter>Source Files\Tools</Filter>
    </ClCompile>
    <ClCompile Include="State.c">
      <Filter>Source Files\Game Data</Filter>
    </ClCompile>
    <ClCompile Include="GameConfig.c">
      <Filter>Source Files\Game Data</Filter>
    </ClCompile>
  </ItemGroup>
  <ItemGroup>
    <ClInclude Include="Gameplay.h">
      <Filter>Header Files\Scenes</Filter>
    </ClInclude>
    <ClInclude Include="Guide.h">
      <Filter>Header Files\Scenes</Filter>
    </ClInclude>
    <ClInclude Include="Settings.h">
      <Filter>Header Files\Scenes</Filter>
    </ClInclude>
    <ClInclude Include="MainMenu.h">
      <Filter>Header Files\Scenes</Filter>
    </ClInclude>
    <ClInclude Include="LevelMenu.h">
      <Filter>Header Files\Scenes</Filter>
    </ClInclude>
    <ClInclude Include="GameConfig.h">
      <Filter>Header Files\Game Data</Filter>
    </ClInclude>
    <ClInclude Include="State.h">
      <Filter>Header Files\Game Data</Filter>
    </ClInclude>
    <ClInclude Include="CustomFunctions.h">
      <Filter>Header Files\Tools</Filter>
    </ClInclude>
  </ItemGroup>
</Project>